{
  "name": "cana-gongkao-wiki",
  "version": "1.0.0",
  "description": "公务员备考知识点总结",
  "main": "index.js",
  "scripts": {
    "docs:dev": "vitepress dev",
    "docs:build": "vitepress build",
    "docs:preview": "vitepress preview"
  },
  "keywords": [],
  "author": "Cana",
  "license": "ISC",
  "devDependencies": {
    "vitepress": "^1.0.0"
  }
}